
Microsoft Visual Studio Solution File, Format Version 12.00
# Visual Studio 15
VisualStudioVersion = 15.0.28307.271
MinimumVisualStudioVersion = 10.0.40219.1
Project("{9A19103F-16F7-4668-BE54-9A1E7A4F7556}") = "SessionManagerDemo", "SessionManagerDemo\SessionManagerDemo.csproj", "{CF643467-8C2E-47C2-AE00-35F29BC91ADA}"
EndProject
Project("{FAE04EC0-301F-11D3-BF4B-00C04F79EFBC}") = "SessionManagerTests", "SessionManagerTests\SessionManagerTests.csproj", "{776911FC-8FFF-4AAE-BCAC-0DD2D3A36FF4}"
EndProject
Global
	GlobalSection(SolutionConfigurationPlatforms) = preSolution
		Debug|Any CPU = Debug|Any CPU
		Release|Any CPU = Release|Any CPU
	EndGlobalSection
	GlobalSection(ProjectConfigurationPlatforms) = postSolution
		{CF643467-8C2E-47C2-AE00-35F29BC91ADA}.Debug|Any CPU.ActiveCfg = Debug|Any CPU
		{CF643467-8C2E-47C2-AE00-35F29BC91ADA}.Debug|Any CPU.Build.0 = Debug|Any CPU
		{CF643467-8C2E-47C2-AE00-35F29BC91ADA}.Release|Any CPU.ActiveCfg = Release|Any CPU
		{CF643467-8C2E-47C2-AE00-35F29BC91ADA}.Release|Any CPU.Build.0 = Release|Any CPU
		{776911FC-8FFF-4AAE-BCAC-0DD2D3A36FF4}.Debug|Any CPU.ActiveCfg = Debug|Any CPU
		{776911FC-8FFF-4AAE-BCAC-0DD2D3A36FF4}.Debug|Any CPU.Build.0 = Debug|Any CPU
		{776911FC-8FFF-4AAE-BCAC-0DD2D3A36FF4}.Release|Any CPU.ActiveCfg = Release|Any CPU
		{776911FC-8FFF-4AAE-BCAC-0DD2D3A36FF4}.Release|Any CPU.Build.0 = Release|Any CPU
	EndGlobalSection
	GlobalSection(SolutionProperties) = preSolution
		HideSolutionNode = FALSE
	EndGlobalSection
	GlobalSection(ExtensibilityGlobals) = postSolution
		SolutionGuid = {E65D0969-90F2-49E7-84A9-5EB88DBF475B}
	EndGlobalSection
EndGlobal
